name: lock pull-request
on:
    pull_request:
        types:
            - closed
jobs:
    lock:
        runs-on: ubuntu-latest
        permissions:
            issues: write
            pull-requests: write
        steps:
            - name: lock pull request
              uses: sudo-bot/action-pull-request-lock@e20c54d0f068b0b2cf3b345e0585c10ac5d5415a # v2
              with:
                  github-token: ${{ secrets.GITHUB_TOKEN }}
                  number: ${{ github.event.pull_request.number }}
                  lock-reason: resolved
